
Microsoft Visual Studio Solution File, Format Version 12.00
# Visual Studio Version 17
VisualStudioVersion = 17.13.35806.99 d17.13
MinimumVisualStudioVersion = 10.0.40219.1
Project("{FAE04EC0-301F-11D3-BF4B-00C04F79EFBC}") = "AljabarLibraries", "AljabarLibraries\AljabarLibraries.csproj", "{2D45C9ED-5FB7-44D3-9298-C1FF503E6FF6}"
EndProject
Project("{FAE04EC0-301F-11D3-BF4B-00C04F79EFBC}") = "MainApp", "MainApp\MainApp.csproj", "{BCA2B4DA-25F2-47BF-8234-384D02E3FDD0}"
EndProject
Global
	GlobalSection(SolutionConfigurationPlatforms) = preSolution
		Debug|Any CPU = Debug|Any CPU
		Release|Any CPU = Release|Any CPU
	EndGlobalSection
	GlobalSection(ProjectConfigurationPlatforms) = postSolution
		{2D45C9ED-5FB7-44D3-9298-C1FF503E6FF6}.Debug|Any CPU.ActiveCfg = Debug|Any CPU
		{2D45C9ED-5FB7-44D3-9298-C1FF503E6FF6}.Debug|Any CPU.Build.0 = Debug|Any CPU
		{2D45C9ED-5FB7-44D3-9298-C1FF503E6FF6}.Release|Any CPU.ActiveCfg = Release|Any CPU
		{2D45C9ED-5FB7-44D3-9298-C1FF503E6FF6}.Release|Any CPU.Build.0 = Release|Any CPU
		{BCA2B4DA-25F2-47BF-8234-384D02E3FDD0}.Debug|Any CPU.ActiveCfg = Debug|Any CPU
		{BCA2B4DA-25F2-47BF-8234-384D02E3FDD0}.Debug|Any CPU.Build.0 = Debug|Any CPU
		{BCA2B4DA-25F2-47BF-8234-384D02E3FDD0}.Release|Any CPU.ActiveCfg = Release|Any CPU
		{BCA2B4DA-25F2-47BF-8234-384D02E3FDD0}.Release|Any CPU.Build.0 = Release|Any CPU
	EndGlobalSection
	GlobalSection(SolutionProperties) = preSolution
		HideSolutionNode = FALSE
	EndGlobalSection
	GlobalSection(ExtensibilityGlobals) = postSolution
		SolutionGuid = {A0DE69C5-34B0-49AD-B516-69821E909582}
	EndGlobalSection
EndGlobal
