
Microsoft Visual Studio Solution File, Format Version 12.00
# Visual Studio Version 17
VisualStudioVersion = 17.13.35806.99 d17.13
MinimumVisualStudioVersion = 10.0.40219.1
Project("{FAE04EC0-301F-11D3-BF4B-00C04F79EFBC}") = "tpmodul9_2311104073", "tpmodul9_2311104073\tpmodul9_2311104073.csproj", "{D5ACF58F-A5C1-4147-B8FB-5A2E32A0D788}"
EndProject
Global
	GlobalSection(SolutionConfigurationPlatforms) = preSolution
		Debug|Any CPU = Debug|Any CPU
		Release|Any CPU = Release|Any CPU
	EndGlobalSection
	GlobalSection(ProjectConfigurationPlatforms) = postSolution
		{D5ACF58F-A5C1-4147-B8FB-5A2E32A0D788}.Debug|Any CPU.ActiveCfg = Debug|Any CPU
		{D5ACF58F-A5C1-4147-B8FB-5A2E32A0D788}.Debug|Any CPU.Build.0 = Debug|Any CPU
		{D5ACF58F-A5C1-4147-B8FB-5A2E32A0D788}.Release|Any CPU.ActiveCfg = Release|Any CPU
		{D5ACF58F-A5C1-4147-B8FB-5A2E32A0D788}.Release|Any CPU.Build.0 = Release|Any CPU
	EndGlobalSection
	GlobalSection(SolutionProperties) = preSolution
		HideSolutionNode = FALSE
	EndGlobalSection
	GlobalSection(ExtensibilityGlobals) = postSolution
		SolutionGuid = {E4CCA634-A6CB-4E54-8790-2696C05E131D}
	EndGlobalSection
EndGlobal
