
Microsoft Visual Studio Solution File, Format Version 12.00
# Visual Studio Version 17
VisualStudioVersion = 17.13.35806.99 d17.13
MinimumVisualStudioVersion = 10.0.40219.1
Project("{FAE04EC0-301F-11D3-BF4B-00C04F79EFBC}") = "tpmodul12_23111040743", "tpmodul12_23111040743\tpmodul12_23111040743.csproj", "{40AE96C2-A6F8-4339-94A2-F7FC9A440791}"
EndProject
Project("{FAE04EC0-301F-11D3-BF4B-00C04F79EFBC}") = "tpmodul12_2311104073", "tpmodul12_2311104073\tpmodul12_2311104073.csproj", "{94E3B2B2-5A9B-437A-8679-34AC4F913785}"
EndProject
Global
	GlobalSection(SolutionConfigurationPlatforms) = preSolution
		Debug|Any CPU = Debug|Any CPU
		Release|Any CPU = Release|Any CPU
	EndGlobalSection
	GlobalSection(ProjectConfigurationPlatforms) = postSolution
		{40AE96C2-A6F8-4339-94A2-F7FC9A440791}.Debug|Any CPU.ActiveCfg = Debug|Any CPU
		{40AE96C2-A6F8-4339-94A2-F7FC9A440791}.Debug|Any CPU.Build.0 = Debug|Any CPU
		{40AE96C2-A6F8-4339-94A2-F7FC9A440791}.Release|Any CPU.ActiveCfg = Release|Any CPU
		{40AE96C2-A6F8-4339-94A2-F7FC9A440791}.Release|Any CPU.Build.0 = Release|Any CPU
		{94E3B2B2-5A9B-437A-8679-34AC4F913785}.Debug|Any CPU.ActiveCfg = Debug|Any CPU
		{94E3B2B2-5A9B-437A-8679-34AC4F913785}.Debug|Any CPU.Build.0 = Debug|Any CPU
		{94E3B2B2-5A9B-437A-8679-34AC4F913785}.Release|Any CPU.ActiveCfg = Release|Any CPU
		{94E3B2B2-5A9B-437A-8679-34AC4F913785}.Release|Any CPU.Build.0 = Release|Any CPU
	EndGlobalSection
	GlobalSection(SolutionProperties) = preSolution
		HideSolutionNode = FALSE
	EndGlobalSection
	GlobalSection(ExtensibilityGlobals) = postSolution
		SolutionGuid = {BC9E0B34-8BC4-46B2-A937-51CC1C69B928}
	EndGlobalSection
EndGlobal
