
Microsoft Visual Studio Solution File, Format Version 12.00
# Visual Studio Version 17
VisualStudioVersion = 17.13.35806.99 d17.13
MinimumVisualStudioVersion = 10.0.40219.1
Project("{FAE04EC0-301F-11D3-BF4B-00C04F79EFBC}") = "modul12_2311104073", "modul12_2311104073\modul12_2311104073.csproj", "{98DF64FB-E5F4-42D8-8397-09735D6E709D}"
EndProject
Project("{FAE04EC0-301F-11D3-BF4B-00C04F79EFBC}") = "UnitTest", "UnitTest\UnitTest.csproj", "{AC7B891C-C311-413A-875F-C2AC0E100D51}"
EndProject
Global
	GlobalSection(SolutionConfigurationPlatforms) = preSolution
		Debug|Any CPU = Debug|Any CPU
		Release|Any CPU = Release|Any CPU
	EndGlobalSection
	GlobalSection(ProjectConfigurationPlatforms) = postSolution
		{98DF64FB-E5F4-42D8-8397-09735D6E709D}.Debug|Any CPU.ActiveCfg = Debug|Any CPU
		{98DF64FB-E5F4-42D8-8397-09735D6E709D}.Debug|Any CPU.Build.0 = Debug|Any CPU
		{98DF64FB-E5F4-42D8-8397-09735D6E709D}.Release|Any CPU.ActiveCfg = Release|Any CPU
		{98DF64FB-E5F4-42D8-8397-09735D6E709D}.Release|Any CPU.Build.0 = Release|Any CPU
		{AC7B891C-C311-413A-875F-C2AC0E100D51}.Debug|Any CPU.ActiveCfg = Debug|Any CPU
		{AC7B891C-C311-413A-875F-C2AC0E100D51}.Debug|Any CPU.Build.0 = Debug|Any CPU
		{AC7B891C-C311-413A-875F-C2AC0E100D51}.Release|Any CPU.ActiveCfg = Release|Any CPU
		{AC7B891C-C311-413A-875F-C2AC0E100D51}.Release|Any CPU.Build.0 = Release|Any CPU
	EndGlobalSection
	GlobalSection(SolutionProperties) = preSolution
		HideSolutionNode = FALSE
	EndGlobalSection
	GlobalSection(ExtensibilityGlobals) = postSolution
		SolutionGuid = {6D85AC2D-C6FD-4E0B-A71C-D6B59044A53D}
	EndGlobalSection
EndGlobal
